PODS:
  - Amplitude (8.5.0)
  - amplitude-react-native (2.6.0):
    - Amplitude (= 8.5.0)
    - React-Core
  - boost-for-react-native (1.63.0)
  - BVLinearGradient (2.5.6):
    - React
  - DoubleConversion (1.1.6)
  - FBLazyVector (0.62.3)
  - FBReactNativeSpec (0.62.3):
    - Folly (= 2018.10.22.00)
    - RCTRequired (= 0.62.3)
    - RCTTypeSafety (= 0.62.3)
    - React-Core (= 0.62.3)
    - React-jsi (= 0.62.3)
    - ReactCommon/turbomodule/core (= 0.62.3)
  - Firebase/AdMob (7.11.0):
    - Firebase/CoreOnly
    - Google-Mobile-Ads-SDK (~> 7.66)
  - Firebase/Analytics (7.11.0):
    - Firebase/Core
  - Firebase/Core (7.11.0):
    - Firebase/CoreOnly
    - FirebaseAnalytics (~> 7.11.0)
  - Firebase/CoreOnly (7.11.0):
    - FirebaseCore (= 7.11.0)
  - Firebase/Crashlytics (7.11.0):
    - Firebase/CoreOnly
    - FirebaseCrashlytics (~> 7.11.0)
  - FirebaseAnalytics (7.11.0):
    - FirebaseAnalytics/AdIdSupport (= 7.11.0)
    - FirebaseCore (~> 7.0)
    - FirebaseInstallations (~> 7.0)
    - GoogleUtilities/AppDelegateSwizzler (~> 7.0)
    - GoogleUtilities/MethodSwizzler (~> 7.0)
    - GoogleUtilities/Network (~> 7.0)
    - "GoogleUtilities/NSData+zlib (~> 7.0)"
    - nanopb (~> 2.30908.0)
  - FirebaseAnalytics/AdIdSupport (7.11.0):
    - FirebaseAnalytics/Base (= 7.11.0)
    - FirebaseCore (~> 7.0)
    - FirebaseInstallations (~> 7.0)
    - GoogleAppMeasurement/AdIdSupport (= 7.11.0)
    - GoogleUtilities/AppDelegateSwizzler (~> 7.0)
    - GoogleUtilities/MethodSwizzler (~> 7.0)
    - GoogleUtilities/Network (~> 7.0)
    - "GoogleUtilities/NSData+zlib (~> 7.0)"
    - nanopb (~> 2.30908.0)
  - FirebaseAnalytics/Base (7.11.0):
    - FirebaseCore (~> 7.0)
    - FirebaseInstallations (~> 7.0)
    - GoogleUtilities/AppDelegateSwizzler (~> 7.0)
    - GoogleUtilities/MethodSwizzler (~> 7.0)
    - GoogleUtilities/Network (~> 7.0)
    - "GoogleUtilities/NSData+zlib (~> 7.0)"
    - nanopb (~> 2.30908.0)
  - FirebaseCore (7.11.0):
    - FirebaseCoreDiagnostics (~> 7.4)
    - GoogleUtilities/Environment (~> 7.0)
    - GoogleUtilities/Logger (~> 7.0)
  - FirebaseCoreDiagnostics (7.11.0):
    - GoogleDataTransport (~> 8.4)
    - GoogleUtilities/Environment (~> 7.0)
    - GoogleUtilities/Logger (~> 7.0)
    - nanopb (~> 2.30908.0)
  - FirebaseCrashlytics (7.11.0):
    - FirebaseCore (~> 7.0)
    - FirebaseInstallations (~> 7.0)
    - GoogleDataTransport (~> 8.4)
    - nanopb (~> 2.30908.0)
    - PromisesObjC (~> 1.2)
  - FirebaseInstallations (7.11.0):
    - FirebaseCore (~> 7.0)
    - GoogleUtilities/Environment (~> 7.0)
    - GoogleUtilities/UserDefaults (~> 7.0)
    - PromisesObjC (~> 1.2)
  - Folly (2018.10.22.00):
    - boost-for-react-native
    - DoubleConversion
    - Folly/Default (= 2018.10.22.00)
    - glog
  - Folly/Default (2018.10.22.00):
    - boost-for-react-native
    - DoubleConversion
    - glog
  - glog (0.3.5)
  - Google-Mobile-Ads-SDK (7.69.0):
    - GoogleAppMeasurement (~> 7.0)
    - GoogleUserMessagingPlatform (~> 1.1)
  - GoogleAppMeasurement (7.11.0):
    - GoogleAppMeasurement/AdIdSupport (= 7.11.0)
    - GoogleUtilities/AppDelegateSwizzler (~> 7.0)
    - GoogleUtilities/MethodSwizzler (~> 7.0)
    - GoogleUtilities/Network (~> 7.0)
    - "GoogleUtilities/NSData+zlib (~> 7.0)"
    - nanopb (~> 2.30908.0)
  - GoogleAppMeasurement/AdIdSupport (7.11.0):
    - GoogleUtilities/AppDelegateSwizzler (~> 7.0)
    - GoogleUtilities/MethodSwizzler (~> 7.0)
    - GoogleUtilities/Network (~> 7.0)
    - "GoogleUtilities/NSData+zlib (~> 7.0)"
    - nanopb (~> 2.30908.0)
  - GoogleDataTransport (8.4.0):
    - GoogleUtilities/Environment (~> 7.2)
    - nanopb (~> 2.30908.0)
    - PromisesObjC (~> 1.2)
  - GoogleMobileAdsMediationIronSource (7.1.0.0):
    - Google-Mobile-Ads-SDK (>= 7.69.0)
    - IronSourceSDK (= 7.1.0)
  - GoogleUserMessagingPlatform (1.4.0)
  - GoogleUtilities/AppDelegateSwizzler (7.6.0):
    - GoogleUtilities/Environment
    - GoogleUtilities/Logger
    - GoogleUtilities/Network
  - GoogleUtilities/Environment (7.6.0):
    - PromisesObjC (< 3.0, >= 1.2)
  - GoogleUtilities/Logger (7.6.0):
    - GoogleUtilities/Environment
  - GoogleUtilities/MethodSwizzler (7.6.0):
    - GoogleUtilities/Logger
  - GoogleUtilities/Network (7.6.0):
    - GoogleUtilities/Logger
    - "GoogleUtilities/NSData+zlib"
    - GoogleUtilities/Reachability
  - "GoogleUtilities/NSData+zlib (7.6.0)"
  - GoogleUtilities/Reachability (7.6.0):
    - GoogleUtilities/Logger
  - GoogleUtilities/UserDefaults (7.6.0):
    - GoogleUtilities/Logger
  - IronSourceSDK (7.1.0.0)
  - nanopb (2.30908.0):
    - nanopb/decode (= 2.30908.0)
    - nanopb/encode (= 2.30908.0)
  - nanopb/decode (2.30908.0)
  - nanopb/encode (2.30908.0)
  - PersonalizedAdConsent (1.0.5)
  - PromisesObjC (1.2.12)
  - RCTRequired (0.62.3)
  - RCTTypeSafety (0.62.3):
    - FBLazyVector (= 0.62.3)
    - Folly (= 2018.10.22.00)
    - RCTRequired (= 0.62.3)
    - React-Core (= 0.62.3)
  - React (0.62.3):
    - React-Core (= 0.62.3)
    - React-Core/DevSupport (= 0.62.3)
    - React-Core/RCTWebSocket (= 0.62.3)
    - React-RCTActionSheet (= 0.62.3)
    - React-RCTAnimation (= 0.62.3)
    - React-RCTBlob (= 0.62.3)
    - React-RCTImage (= 0.62.3)
    - React-RCTLinking (= 0.62.3)
    - React-RCTNetwork (= 0.62.3)
    - React-RCTSettings (= 0.62.3)
    - React-RCTText (= 0.62.3)
    - React-RCTVibration (= 0.62.3)
  - React-Core (0.62.3):
    - Folly (= 2018.10.22.00)
    - glog
    - React-Core/Default (= 0.62.3)
    - React-cxxreact (= 0.62.3)
    - React-jsi (= 0.62.3)
    - React-jsiexecutor (= 0.62.3)
    - Yoga
  - React-Core/CoreModulesHeaders (0.62.3):
    - Folly (= 2018.10.22.00)
    - glog
    - React-Core/Default
    - React-cxxreact (= 0.62.3)
    - React-jsi (= 0.62.3)
    - React-jsiexecutor (= 0.62.3)
    - Yoga
  - React-Core/Default (0.62.3):
    - Folly (= 2018.10.22.00)
    - glog
    - React-cxxreact (= 0.62.3)
    - React-jsi (= 0.62.3)
    - React-jsiexecutor (= 0.62.3)
    - Yoga
  - React-Core/DevSupport (0.62.3):
    - Folly (= 2018.10.22.00)
    - glog
    - React-Core/Default (= 0.62.3)
    - React-Core/RCTWebSocket (= 0.62.3)
    - React-cxxreact (= 0.62.3)
    - React-jsi (= 0.62.3)
    - React-jsiexecutor (= 0.62.3)
    - React-jsinspector (= 0.62.3)
    - Yoga
  - React-Core/RCTActionSheetHeaders (0.62.3):
    - Folly (= 2018.10.22.00)
    - glog
    - React-Core/Default
    - React-cxxreact (= 0.62.3)
    - React-jsi (= 0.62.3)
    - React-jsiexecutor (= 0.62.3)
    - Yoga
  - React-Core/RCTAnimationHeaders (0.62.3):
    - Folly (= 2018.10.22.00)
    - glog
    - React-Core/Default
    - React-cxxreact (= 0.62.3)
    - React-jsi (= 0.62.3)
    - React-jsiexecutor (= 0.62.3)
    - Yoga
  - React-Core/RCTBlobHeaders (0.62.3):
    - Folly (= 2018.10.22.00)
    - glog
    - React-Core/Default
    - React-cxxreact (= 0.62.3)
    - React-jsi (= 0.62.3)
    - React-jsiexecutor (= 0.62.3)
    - Yoga
  - React-Core/RCTImageHeaders (0.62.3):
    - Folly (= 2018.10.22.00)
    - glog
    - React-Core/Default
    - React-cxxreact (= 0.62.3)
    - React-jsi (= 0.62.3)
    - React-jsiexecutor (= 0.62.3)
    - Yoga
  - React-Core/RCTLinkingHeaders (0.62.3):
    - Folly (= 2018.10.22.00)
    - glog
    - React-Core/Default
    - React-cxxreact (= 0.62.3)
    - React-jsi (= 0.62.3)
    - React-jsiexecutor (= 0.62.3)
    - Yoga
  - React-Core/RCTNetworkHeaders (0.62.3):
    - Folly (= 2018.10.22.00)
    - glog
    - React-Core/Default
    - React-cxxreact (= 0.62.3)
    - React-jsi (= 0.62.3)
    - React-jsiexecutor (= 0.62.3)
    - Yoga
  - React-Core/RCTSettingsHeaders (0.62.3):
    - Folly (= 2018.10.22.00)
    - glog
    - React-Core/Default
    - React-cxxreact (= 0.62.3)
    - React-jsi (= 0.62.3)
    - React-jsiexecutor (= 0.62.3)
    - Yoga
  - React-Core/RCTTextHeaders (0.62.3):
    - Folly (= 2018.10.22.00)
    - glog
    - React-Core/Default
    - React-cxxreact (= 0.62.3)
    - React-jsi (= 0.62.3)
    - React-jsiexecutor (= 0.62.3)
    - Yoga
  - React-Core/RCTVibrationHeaders (0.62.3):
    - Folly (= 2018.10.22.00)
    - glog
    - React-Core/Default
    - React-cxxreact (= 0.62.3)
    - React-jsi (= 0.62.3)
    - React-jsiexecutor (= 0.62.3)
    - Yoga
  - React-Core/RCTWebSocket (0.62.3):
    - Folly (= 2018.10.22.00)
    - glog
    - React-Core/Default (= 0.62.3)
    - React-cxxreact (= 0.62.3)
    - React-jsi (= 0.62.3)
    - React-jsiexecutor (= 0.62.3)
    - Yoga
  - React-CoreModules (0.62.3):
    - FBReactNativeSpec (= 0.62.3)
    - Folly (= 2018.10.22.00)
    - RCTTypeSafety (= 0.62.3)
    - React-Core/CoreModulesHeaders (= 0.62.3)
    - React-RCTImage (= 0.62.3)
    - ReactCommon/turbomodule/core (= 0.62.3)
  - React-cxxreact (0.62.3):
    - boost-for-react-native (= 1.63.0)
    - DoubleConversion
    - Folly (= 2018.10.22.00)
    - glog
    - React-jsinspector (= 0.62.3)
  - React-jsi (0.62.3):
    - boost-for-react-native (= 1.63.0)
    - DoubleConversion
    - Folly (= 2018.10.22.00)
    - glog
    - React-jsi/Default (= 0.62.3)
  - React-jsi/Default (0.62.3):
    - boost-for-react-native (= 1.63.0)
    - DoubleConversion
    - Folly (= 2018.10.22.00)
    - glog
  - React-jsiexecutor (0.62.3):
    - DoubleConversion
    - Folly (= 2018.10.22.00)
    - glog
    - React-cxxreact (= 0.62.3)
    - React-jsi (= 0.62.3)
  - React-jsinspector (0.62.3)
  - react-native-checkbox (0.3.0):
    - React
  - react-native-html-to-pdf (0.10.0):
    - React-Core
  - react-native-keep-awake (4.0.0):
    - React
  - react-native-netinfo (6.0.0):
    - React-Core
  - react-native-safe-area-context (3.3.0):
    - React-Core
  - react-native-splash-screen (3.2.0):
    - React
  - react-native-webview (11.13.0):
    - React-Core
  - React-RCTActionSheet (0.62.3):
    - React-Core/RCTActionSheetHeaders (= 0.62.3)
  - React-RCTAnimation (0.62.3):
    - FBReactNativeSpec (= 0.62.3)
    - Folly (= 2018.10.22.00)
    - RCTTypeSafety (= 0.62.3)
    - React-Core/RCTAnimationHeaders (= 0.62.3)
    - ReactCommon/turbomodule/core (= 0.62.3)
  - React-RCTBlob (0.62.3):
    - FBReactNativeSpec (= 0.62.3)
    - Folly (= 2018.10.22.00)
    - React-Core/RCTBlobHeaders (= 0.62.3)
    - React-Core/RCTWebSocket (= 0.62.3)
    - React-jsi (= 0.62.3)
    - React-RCTNetwork (= 0.62.3)
    - ReactCommon/turbomodule/core (= 0.62.3)
  - React-RCTImage (0.62.3):
    - FBReactNativeSpec (= 0.62.3)
    - Folly (= 2018.10.22.00)
    - RCTTypeSafety (= 0.62.3)
    - React-Core/RCTImageHeaders (= 0.62.3)
    - React-RCTNetwork (= 0.62.3)
    - ReactCommon/turbomodule/core (= 0.62.3)
  - React-RCTLinking (0.62.3):
    - FBReactNativeSpec (= 0.62.3)
    - React-Core/RCTLinkingHeaders (= 0.62.3)
    - ReactCommon/turbomodule/core (= 0.62.3)
  - React-RCTNetwork (0.62.3):
    - FBReactNativeSpec (= 0.62.3)
    - Folly (= 2018.10.22.00)
    - RCTTypeSafety (= 0.62.3)
    - React-Core/RCTNetworkHeaders (= 0.62.3)
    - ReactCommon/turbomodule/core (= 0.62.3)
  - React-RCTSettings (0.62.3):
    - FBReactNativeSpec (= 0.62.3)
    - Folly (= 2018.10.22.00)
    - RCTTypeSafety (= 0.62.3)
    - React-Core/RCTSettingsHeaders (= 0.62.3)
    - ReactCommon/turbomodule/core (= 0.62.3)
  - React-RCTText (0.62.3):
    - React-Core/RCTTextHeaders (= 0.62.3)
  - React-RCTVibration (0.62.3):
    - FBReactNativeSpec (= 0.62.3)
    - Folly (= 2018.10.22.00)
    - React-Core/RCTVibrationHeaders (= 0.62.3)
    - ReactCommon/turbomodule/core (= 0.62.3)
  - ReactCommon/callinvoker (0.62.3):
    - DoubleConversion
    - Folly (= 2018.10.22.00)
    - glog
    - React-cxxreact (= 0.62.3)
  - ReactCommon/turbomodule/core (0.62.3):
    - DoubleConversion
    - Folly (= 2018.10.22.00)
    - glog
    - React-Core (= 0.62.3)
    - React-cxxreact (= 0.62.3)
    - React-jsi (= 0.62.3)
    - ReactCommon/callinvoker (= 0.62.3)
  - RNCAsyncStorage (1.12.1):
    - React-Core
  - RNCMaskedView (0.1.11):
    - React
  - RNDeviceInfo (5.6.5):
    - React
  - RNFBAdMob (11.5.0):
    - Firebase/AdMob (= 7.11.0)
    - PersonalizedAdConsent (~> 1.0.5)
    - React-Core
    - RNFBApp
  - RNFBAnalytics (11.5.0):
    - Firebase/Analytics (= 7.11.0)
    - React-Core
    - RNFBApp
  - RNFBApp (11.5.0):
    - Firebase/CoreOnly (= 7.11.0)
    - React-Core
  - RNFBCrashlytics (11.5.0):
    - Firebase/Crashlytics (= 7.11.0)
    - React-Core
    - RNFBApp
  - RNGestureHandler (1.10.3):
    - React-Core
  - RNIap (5.1.1):
    - React-Core
  - RNIronSource (7.0.4):
    - IronSourceSDK (>= 7.0.3)
    - React
    - RNIronSource/Core (= 7.0.4)
  - RNIronSource/Core (7.0.4):
    - IronSourceSDK (>= 7.0.3)
    - React
  - RNRate (1.2.9):
    - React-Core
  - RNScreens (2.18.1):
    - React-Core
  - RNShare (3.8.5):
    - React-Core
  - RNSound (0.11.0):
    - React
    - RNSound/Core (= 0.11.0)
  - RNSound/Core (0.11.0):
    - React
  - RNSVG (12.1.1):
    - React
  - RNVectorIcons (6.7.0):
    - React
  - toolbar-android (0.1.0-rc.2):
    - React
  - Yoga (1.14.0)

DEPENDENCIES:
  - "amplitude-react-native (from `../node_modules/@amplitude/react-native`)"
  - BVLinearGradient (from `../node_modules/react-native-linear-gradient`)
  - DoubleConversion (from `../node_modules/react-native/third-party-podspecs/DoubleConversion.podspec`)
  - FBLazyVector (from `../node_modules/react-native/Libraries/FBLazyVector`)
  - FBReactNativeSpec (from `../node_modules/react-native/Libraries/FBReactNativeSpec`)
  - Folly (from `../node_modules/react-native/third-party-podspecs/Folly.podspec`)
  - glog (from `../node_modules/react-native/third-party-podspecs/glog.podspec`)
  - GoogleMobileAdsMediationIronSource
  - RCTRequired (from `../node_modules/react-native/Libraries/RCTRequired`)
  - RCTTypeSafety (from `../node_modules/react-native/Libraries/TypeSafety`)
  - React (from `../node_modules/react-native/`)
  - React-Core (from `../node_modules/react-native/`)
  - React-Core/DevSupport (from `../node_modules/react-native/`)
  - React-Core/RCTWebSocket (from `../node_modules/react-native/`)
  - React-CoreModules (from `../node_modules/react-native/React/CoreModules`)
  - React-cxxreact (from `../node_modules/react-native/ReactCommon/cxxreact`)
  - React-jsi (from `../node_modules/react-native/ReactCommon/jsi`)
  - React-jsiexecutor (from `../node_modules/react-native/ReactCommon/jsiexecutor`)
  - React-jsinspector (from `../node_modules/react-native/ReactCommon/jsinspector`)
  - "react-native-checkbox (from `../node_modules/@react-native-community/checkbox`)"
  - react-native-html-to-pdf (from `../node_modules/react-native-html-to-pdf`)
  - react-native-keep-awake (from `../node_modules/react-native-keep-awake`)
  - "react-native-netinfo (from `../node_modules/@react-native-community/netinfo`)"
  - react-native-safe-area-context (from `../node_modules/react-native-safe-area-context`)
  - react-native-splash-screen (from `../node_modules/react-native-splash-screen`)
  - react-native-webview (from `../node_modules/react-native-webview`)
  - React-RCTActionSheet (from `../node_modules/react-native/Libraries/ActionSheetIOS`)
  - React-RCTAnimation (from `../node_modules/react-native/Libraries/NativeAnimation`)
  - React-RCTBlob (from `../node_modules/react-native/Libraries/Blob`)
  - React-RCTImage (from `../node_modules/react-native/Libraries/Image`)
  - React-RCTLinking (from `../node_modules/react-native/Libraries/LinkingIOS`)
  - React-RCTNetwork (from `../node_modules/react-native/Libraries/Network`)
  - React-RCTSettings (from `../node_modules/react-native/Libraries/Settings`)
  - React-RCTText (from `../node_modules/react-native/Libraries/Text`)
  - React-RCTVibration (from `../node_modules/react-native/Libraries/Vibration`)
  - ReactCommon/callinvoker (from `../node_modules/react-native/ReactCommon`)
  - ReactCommon/turbomodule/core (from `../node_modules/react-native/ReactCommon`)
  - "RNCAsyncStorage (from `../node_modules/@react-native-community/async-storage`)"
  - "RNCMaskedView (from `../node_modules/@react-native-community/masked-view`)"
  - RNDeviceInfo (from `../node_modules/react-native-device-info`)
  - "RNFBAdMob (from `../node_modules/@react-native-firebase/admob`)"
  - "RNFBAnalytics (from `../node_modules/@react-native-firebase/analytics`)"
  - "RNFBApp (from `../node_modules/@react-native-firebase/app`)"
  - "RNFBCrashlytics (from `../node_modules/@react-native-firebase/crashlytics`)"
  - RNGestureHandler (from `../node_modules/react-native-gesture-handler`)
  - RNIap (from `../node_modules/react-native-iap`)
  - "RNIronSource (from `../node_modules/@wowmaking/react-native-iron-source`)"
  - RNRate (from `../node_modules/react-native-rate`)
  - RNScreens (from `../node_modules/react-native-screens`)
  - RNShare (from `../node_modules/react-native-share`)
  - RNSound (from `../node_modules/react-native-sound`)
  - RNSVG (from `../node_modules/react-native-svg`)
  - RNVectorIcons (from `../node_modules/react-native-vector-icons`)
  - "toolbar-android (from `../node_modules/@react-native-community/toolbar-android`)"
  - Yoga (from `../node_modules/react-native/ReactCommon/yoga`)

SPEC REPOS:
  trunk:
    - Amplitude
    - boost-for-react-native
    - Firebase
    - FirebaseAnalytics
    - FirebaseCore
    - FirebaseCoreDiagnostics
    - FirebaseCrashlytics
    - FirebaseInstallations
    - Google-Mobile-Ads-SDK
    - GoogleAppMeasurement
    - GoogleDataTransport
    - GoogleMobileAdsMediationIronSource
    - GoogleUserMessagingPlatform
    - GoogleUtilities
    - IronSourceSDK
    - nanopb
    - PersonalizedAdConsent
    - PromisesObjC

EXTERNAL SOURCES:
  amplitude-react-native:
    :path: "../node_modules/@amplitude/react-native"
  BVLinearGradient:
    :path: "../node_modules/react-native-linear-gradient"
  DoubleConversion:
    :podspec: "../node_modules/react-native/third-party-podspecs/DoubleConversion.podspec"
  FBLazyVector:
    :path: "../node_modules/react-native/Libraries/FBLazyVector"
  FBReactNativeSpec:
    :path: "../node_modules/react-native/Libraries/FBReactNativeSpec"
  Folly:
    :podspec: "../node_modules/react-native/third-party-podspecs/Folly.podspec"
  glog:
    :podspec: "../node_modules/react-native/third-party-podspecs/glog.podspec"
  RCTRequired:
    :path: "../node_modules/react-native/Libraries/RCTRequired"
  RCTTypeSafety:
    :path: "../node_modules/react-native/Libraries/TypeSafety"
  React:
    :path: "../node_modules/react-native/"
  React-Core:
    :path: "../node_modules/react-native/"
  React-CoreModules:
    :path: "../node_modules/react-native/React/CoreModules"
  React-cxxreact:
    :path: "../node_modules/react-native/ReactCommon/cxxreact"
  React-jsi:
    :path: "../node_modules/react-native/ReactCommon/jsi"
  React-jsiexecutor:
    :path: "../node_modules/react-native/ReactCommon/jsiexecutor"
  React-jsinspector:
    :path: "../node_modules/react-native/ReactCommon/jsinspector"
  react-native-checkbox:
    :path: "../node_modules/@react-native-community/checkbox"
  react-native-html-to-pdf:
    :path: "../node_modules/react-native-html-to-pdf"
  react-native-keep-awake:
    :path: "../node_modules/react-native-keep-awake"
  react-native-netinfo:
    :path: "../node_modules/@react-native-community/netinfo"
  react-native-safe-area-context:
    :path: "../node_modules/react-native-safe-area-context"
  react-native-splash-screen:
    :path: "../node_modules/react-native-splash-screen"
  react-native-webview:
    :path: "../node_modules/react-native-webview"
  React-RCTActionSheet:
    :path: "../node_modules/react-native/Libraries/ActionSheetIOS"
  React-RCTAnimation:
    :path: "../node_modules/react-native/Libraries/NativeAnimation"
  React-RCTBlob:
    :path: "../node_modules/react-native/Libraries/Blob"
  React-RCTImage:
    :path: "../node_modules/react-native/Libraries/Image"
  React-RCTLinking:
    :path: "../node_modules/react-native/Libraries/LinkingIOS"
  React-RCTNetwork:
    :path: "../node_modules/react-native/Libraries/Network"
  React-RCTSettings:
    :path: "../node_modules/react-native/Libraries/Settings"
  React-RCTText:
    :path: "../node_modules/react-native/Libraries/Text"
  React-RCTVibration:
    :path: "../node_modules/react-native/Libraries/Vibration"
  ReactCommon:
    :path: "../node_modules/react-native/ReactCommon"
  RNCAsyncStorage:
    :path: "../node_modules/@react-native-community/async-storage"
  RNCMaskedView:
    :path: "../node_modules/@react-native-community/masked-view"
  RNDeviceInfo:
    :path: "../node_modules/react-native-device-info"
  RNFBAdMob:
    :path: "../node_modules/@react-native-firebase/admob"
  RNFBAnalytics:
    :path: "../node_modules/@react-native-firebase/analytics"
  RNFBApp:
    :path: "../node_modules/@react-native-firebase/app"
  RNFBCrashlytics:
    :path: "../node_modules/@react-native-firebase/crashlytics"
  RNGestureHandler:
    :path: "../node_modules/react-native-gesture-handler"
  RNIap:
    :path: "../node_modules/react-native-iap"
  RNIronSource:
    :path: "../node_modules/@wowmaking/react-native-iron-source"
  RNRate:
    :path: "../node_modules/react-native-rate"
  RNScreens:
    :path: "../node_modules/react-native-screens"
  RNShare:
    :path: "../node_modules/react-native-share"
  RNSound:
    :path: "../node_modules/react-native-sound"
  RNSVG:
    :path: "../node_modules/react-native-svg"
  RNVectorIcons:
    :path: "../node_modules/react-native-vector-icons"
  toolbar-android:
    :path: "../node_modules/@react-native-community/toolbar-android"
  Yoga:
    :path: "../node_modules/react-native/ReactCommon/yoga"

SPEC CHECKSUMS:
  Amplitude: ef9ed339ddd33c9183edf63fa4bbaa86cf873321
  amplitude-react-native: fa5e830e59fd8ed440a74d58fd72ad4b37e7c946
  boost-for-react-native: 39c7adb57c4e60d6c5479dd8623128eb5b3f0f2c
  BVLinearGradient: e3aad03778a456d77928f594a649e96995f1c872
  DoubleConversion: 5805e889d232975c086db112ece9ed034df7a0b2
  FBLazyVector: a93c5eef764b16789fa7875aac4e09119e806ad4
  FBReactNativeSpec: 587095d51601d15e04d21658df4bb7f030d0e7e1
  Firebase: c121feb35e4126c0b355e3313fa9b487d47319fd
  FirebaseAnalytics: cd3bd84d722a24a8923918af8af8e5236f615d77
  FirebaseCore: 907447d8917a4d3eb0cce2829c5a0ad21d90b432
  FirebaseCoreDiagnostics: 68ad972f99206cef818230f3f3179d52ccfb7f8c
  FirebaseCrashlytics: 272b675aa9d1e9bae1f9e1449fcc1f2cf6042806
  FirebaseInstallations: a58d4f72ec5861840b84df489f2668d970df558a
  Folly: 30e7936e1c45c08d884aa59369ed951a8e68cf51
  glog: 1f3da668190260b06b429bb211bfbee5cd790c28
  Google-Mobile-Ads-SDK: 2f288748a42920d1c744946a460896a95b0e9110
  GoogleAppMeasurement: fd19169c3034975cb934e865e5667bfdce59df7f
  GoogleDataTransport: cd9db2180fcecd8da1b561aea31e3e56cf834aa7
  GoogleMobileAdsMediationIronSource: 2ccef21e2452b94a8669a5f152549e823399e858
  GoogleUserMessagingPlatform: b168e8c46cd8f92aa3e34b584c4ca78a411ce367
  GoogleUtilities: 684ee790a24f73ebb2d1d966e9711c203f2a4237
  IronSourceSDK: ce7f8cd7efc36d519662200153214a50dfe2218d
  nanopb: a0ba3315591a9ae0a16a309ee504766e90db0c96
  PersonalizedAdConsent: dbecabb3467df967c16d9cebc2ef4a8890e4bbd8
  PromisesObjC: 3113f7f76903778cf4a0586bd1ab89329a0b7b97
  RCTRequired: c689bd96375408b455d1cda431d76e8226f6c726
  RCTTypeSafety: 9c1123190d064e9077e4dba96d51b93d10e0a8a5
  React: 1618bf33d410e5c30e313341fad837d7a82ae75e
  React-Core: 033265923ba9f8d3aff2a01465656d733763cf3d
  React-CoreModules: 6b34e0e134014a7fb03c0c7b4f9832d90d8cbfec
  React-cxxreact: f2e92695b9f589b282aa32600764c3360cfbada4
  React-jsi: ef7ed91688be7e01bc78080062b428ce1bcd79d0
  React-jsiexecutor: d664a436303eb2cf9919df250f40ce5cf5e99fbe
  React-jsinspector: 74f6ea8f9d38ff44cc8f9867b2ecc9130d6cc2e5
  react-native-checkbox: f25a53683bf992d14df6c3cf5b590865f293b2d8
  react-native-html-to-pdf: 1214f9c795a587fe60a950d11a891cd05be29625
  react-native-keep-awake: afad8a51dfef9fe9655a6344771be32c8596d774
  react-native-netinfo: e849fc21ca2f4128a5726c801a82fc6f4a6db50d
  react-native-safe-area-context: 61c8c484a3a9e7d1fda19f7b1794b35bbfd2262a
  react-native-splash-screen: 200d11d188e2e78cea3ad319964f6142b6384865
  react-native-webview: 133a6a5149f963259646e710b4545c67ef35d7c9
  React-RCTActionSheet: abb6e20cdc3710d3442d735cdb2c641a5597f35d
  React-RCTAnimation: cacf34437277ae266c95896f40eb4e7604017132
  React-RCTBlob: ab3a193130b61816f8f3807941087873bfd5e8a4
  React-RCTImage: 52e151112199cc145107bb457e1df70ada999e40
  React-RCTLinking: 9ef27375004b7a3a2194f042f50d7c17dc92b91a
  React-RCTNetwork: 5057bcebafde579a78fcf477e19beef2a461b375
  React-RCTSettings: 5f6ec67d0d61c3d12f116b9314c4f3bcaf3e43df
  React-RCTText: fc8aaead300090f23dd0974545d75e3c43883922
  React-RCTVibration: 36a70f1015574284fa6770993c1e83a1f85dbabc
  ReactCommon: 3ea86417fa6e432b500579df40b057df54cfb4d4
  RNCAsyncStorage: b03032fdbdb725bea0bd9e5ec5a7272865ae7398
  RNCMaskedView: 0e1bc4bfa8365eba5fbbb71e07fbdc0555249489
  RNDeviceInfo: c5f8f3a456adcbba405ace475254b08febc4c095
  RNFBAdMob: a2b5f148468b16d02543707d4627bc9a19016bf3
  RNFBAnalytics: 3e250066a98d6ea0a7816c52de75f2633f726580
  RNFBApp: 9c90f9d576861947ba75fe0830567c570bcbcf6d
  RNFBCrashlytics: 8eafacfe3dc4aeb7733c3c3d65228f4e75861e72
  RNGestureHandler: a479ebd5ed4221a810967000735517df0d2db211
  RNIap: c0377981dfabe50887c5d1ff110011ed9b7cb6f3
  RNIronSource: dc0986f4c82a8b8b23164a31279162a22970a92d
  RNRate: 94f57c773e155ca0d0aeeba9c10a32bce9030daf
  RNScreens: f7ad633b2e0190b77b6a7aab7f914fad6f198d8d
  RNShare: 7e22ba3bf66294ff7c122a1f2da8a8ec642091a0
  RNSound: da030221e6ac7e8290c6b43f2b5f2133a8e225b0
  RNSVG: 551acb6562324b1d52a4e0758f7ca0ec234e278f
  RNVectorIcons: 368d6d8b8301224e5ffb6254191f4f8876c2be0d
  toolbar-android: 85f3ef4d691469f2d304e7dee4bca013aa1ba1ff
  Yoga: b5db822228963b87948afa7a5a531088607151dc

PODFILE CHECKSUM: 423622c62b4593193abcc0269b3a93e547b4ef10

COCOAPODS: 1.11.2
